
Microsoft Visual Studio Solution File, Format Version 12.00
# Visual Studio Version 17
VisualStudioVersion = 17.3.32929.385
MinimumVisualStudioVersion = 10.0.40219.1
Project("{FAE04EC0-301F-11D3-BF4B-00C04F79EFBC}") = "MiniCode", "MiniCode.csproj", "{1F3FC49B-6A74-4D02-8A94-AD7FE67EC88E}"
EndProject
Global
	GlobalSection(SolutionConfigurationPlatforms) = preSolution
		Debug|Any CPU = Debug|Any CPU
		Release|Any CPU = Release|Any CPU
	EndGlobalSection
	GlobalSection(ProjectConfigurationPlatforms) = postSolution
		{1F3FC49B-6A74-4D02-8A94-AD7FE67EC88E}.Debug|Any CPU.ActiveCfg = Debug|Any CPU
		{1F3FC49B-6A74-4D02-8A94-AD7FE67EC88E}.Debug|Any CPU.Build.0 = Debug|Any CPU
		{1F3FC49B-6A74-4D02-8A94-AD7FE67EC88E}.Release|Any CPU.ActiveCfg = Release|Any CPU
		{1F3FC49B-6A74-4D02-8A94-AD7FE67EC88E}.Release|Any CPU.Build.0 = Release|Any CPU
	EndGlobalSection
	GlobalSection(SolutionProperties) = preSolution
		HideSolutionNode = FALSE
	EndGlobalSection
	GlobalSection(ExtensibilityGlobals) = postSolution
		SolutionGuid = {8E9DA9CF-F35D-44FA-801A-12AE5C5495B5}
	EndGlobalSection
EndGlobal
